// !$*UTF8*$!
{
	archiveVersion = 1;
	classes = {
	};
	objectVersion = 46;
	objects = {

/* Begin PBXBuildFile section */
		6429328E1E1BF22700A8EE77 /* More.pdf in Resources */ = {isa = PBXBuildFile; fileRef = 6429328D1E1BF22700A8EE77 /* More.pdf */; };
		64360DF81D589E4E0094AE6B /* PostNavigationController.swift in Sources */ = {isa = PBXBuildFile; fileRef = 64360DF71D589E4E0094AE6B /* PostNavigationController.swift */; };
		643F44271D639384000A6775 /* SubscriptionsCollectionView.swift in Sources */ = {isa = PBXBuildFile; fileRef = 643F44261D639384000A6775 /* SubscriptionsCollectionView.swift */; };
		6448A5921E4A4E370061A857 /* PreviewViewController.swift in Sources */ = {isa = PBXBuildFile; fileRef = 6448A5911E4A4E370061A857 /* PreviewViewController.swift */; };
		6448A5BF1E4A69B40061A857 /* MKAnnotationView+WebCache.m in Sources */ = {isa = PBXBuildFile; fileRef = 6448A5981E4A69B40061A857 /* MKAnnotationView+WebCache.m */; };
		6448A5C01E4A69B40061A857 /* NSData+ImageContentType.m in Sources */ = {isa = PBXBuildFile; fileRef = 6448A59A1E4A69B40061A857 /* NSData+ImageContentType.m */; };
		6448A5C11E4A69B40061A857 /* NSImage+WebCache.m in Sources */ = {isa = PBXBuildFile; fileRef = 6448A59C1E4A69B40061A857 /* NSImage+WebCache.m */; };
		6448A5C21E4A69B40061A857 /* SDImageCache.m in Sources */ = {isa = PBXBuildFile; fileRef = 6448A59E1E4A69B40061A857 /* SDImageCache.m */; };
		6448A5C31E4A69B40061A857 /* SDImageCacheConfig.m in Sources */ = {isa = PBXBuildFile; fileRef = 6448A5A01E4A69B40061A857 /* SDImageCacheConfig.m */; };
		6448A5C41E4A69B40061A857 /* SDWebImageCompat.m in Sources */ = {isa = PBXBuildFile; fileRef = 6448A5A21E4A69B40061A857 /* SDWebImageCompat.m */; };
		6448A5C51E4A69B40061A857 /* SDWebImageDecoder.m in Sources */ = {isa = PBXBuildFile; fileRef = 6448A5A41E4A69B40061A857 /* SDWebImageDecoder.m */; };
		6448A5C61E4A69B40061A857 /* SDWebImageDownloader.m in Sources */ = {isa = PBXBuildFile; fileRef = 6448A5A61E4A69B40061A857 /* SDWebImageDownloader.m */; };
		6448A5C71E4A69B40061A857 /* SDWebImageDownloaderOperation.m in Sources */ = {isa = PBXBuildFile; fileRef = 6448A5A81E4A69B40061A857 /* SDWebImageDownloaderOperation.m */; };
		6448A5C81E4A69B40061A857 /* SDWebImageManager.m in Sources */ = {isa = PBXBuildFile; fileRef = 6448A5AA1E4A69B40061A857 /* SDWebImageManager.m */; };
		6448A5C91E4A69B40061A857 /* SDWebImagePrefetcher.m in Sources */ = {isa = PBXBuildFile; fileRef = 6448A5AD1E4A69B40061A857 /* SDWebImagePrefetcher.m */; };
		6448A5CA1E4A69B40061A857 /* UIButton+WebCache.m in Sources */ = {isa = PBXBuildFile; fileRef = 6448A5AF1E4A69B40061A857 /* UIButton+WebCache.m */; };
		6448A5CB1E4A69B40061A857 /* UIImage+GIF.m in Sources */ = {isa = PBXBuildFile; fileRef = 6448A5B11E4A69B40061A857 /* UIImage+GIF.m */; };
		6448A5CC1E4A69B40061A857 /* UIImage+MultiFormat.m in Sources */ = {isa = PBXBuildFile; fileRef = 6448A5B31E4A69B40061A857 /* UIImage+MultiFormat.m */; };
		6448A5CD1E4A69B40061A857 /* UIImage+WebP.m in Sources */ = {isa = PBXBuildFile; fileRef = 6448A5B51E4A69B40061A857 /* UIImage+WebP.m */; };
		6448A5CE1E4A69B40061A857 /* UIImageView+HighlightedWebCache.m in Sources */ = {isa = PBXBuildFile; fileRef = 6448A5B71E4A69B40061A857 /* UIImageView+HighlightedWebCache.m */; };
		6448A5CF1E4A69B40061A857 /* UIImageView+WebCache.m in Sources */ = {isa = PBXBuildFile; fileRef = 6448A5B91E4A69B40061A857 /* UIImageView+WebCache.m */; };
		6448A5D01E4A69B40061A857 /* UIView+WebCache.m in Sources */ = {isa = PBXBuildFile; fileRef = 6448A5BB1E4A69B40061A857 /* UIView+WebCache.m */; };
		6448A5D11E4A69B40061A857 /* UIView+WebCacheOperation.m in Sources */ = {isa = PBXBuildFile; fileRef = 6448A5BD1E4A69B40061A857 /* UIView+WebCacheOperation.m */; };
		64588DD01E806654008B0FB0 /* Share.pdf in Resources */ = {isa = PBXBuildFile; fileRef = 64588DCF1E806654008B0FB0 /* Share.pdf */; };
		646A7E041E1068A00045F685 /* NotificationCenter.framework in Frameworks */ = {isa = PBXBuildFile; fileRef = 64E382E61D96E17100467364 /* NotificationCenter.framework */; };
		646A7E061E1068A00045F685 /* UserNotificationsUI.framework in Frameworks */ = {isa = PBXBuildFile; fileRef = 646A7E051E1068A00045F685 /* UserNotificationsUI.framework */; };
		647183C81D63116100712A97 /* Home.pdf in Resources */ = {isa = PBXBuildFile; fileRef = 647183C61D63116100712A97 /* Home.pdf */; };
		6476909C1D62063300C2BECD /* Icon-72.png in Resources */ = {isa = PBXBuildFile; fileRef = 647690891D62063300C2BECD /* Icon-72.png */; };
		6476909D1D62063300C2BECD /* Icon.png in Resources */ = {isa = PBXBuildFile; fileRef = 6476908A1D62063300C2BECD /* Icon.png */; };
		6476909E1D62063300C2BECD /* Icon-Small.png in Resources */ = {isa = PBXBuildFile; fileRef = 6476908B1D62063300C2BECD /* Icon-Small.png */; };
		6476909F1D62063300C2BECD /* Icon-76@2x.png in Resources */ = {isa = PBXBuildFile; fileRef = 6476908C1D62063300C2BECD /* Icon-76@2x.png */; };
		647690A01D62063300C2BECD /* Icon-60@2x.png in Resources */ = {isa = PBXBuildFile; fileRef = 6476908D1D62063300C2BECD /* Icon-60@2x.png */; };
		647690A11D62063300C2BECD /* Icon-Small-50.png in Resources */ = {isa = PBXBuildFile; fileRef = 6476908E1D62063300C2BECD /* Icon-Small-50.png */; };
		647690A21D62063300C2BECD /* Icon-Small-40@2x.png in Resources */ = {isa = PBXBuildFile; fileRef = 6476908F1D62063300C2BECD /* Icon-Small-40@2x.png */; };
		647690A31D62063300C2BECD /* Icon-Small-40.png in Resources */ = {isa = PBXBuildFile; fileRef = 647690901D62063300C2BECD /* Icon-Small-40.png */; };
		647690A41D62063300C2BECD /* iTunesArtwork@2x.png in Resources */ = {isa = PBXBuildFile; fileRef = 647690911D62063300C2BECD /* iTunesArtwork@2x.png */; };
		647690A51D62063300C2BECD /* Icon-Small-40@3x.png in Resources */ = {isa = PBXBuildFile; fileRef = 647690921D62063300C2BECD /* Icon-Small-40@3x.png */; };
		647690A61D62063300C2BECD /* Icon-Small@2x.png in Resources */ = {isa = PBXBuildFile; fileRef = 647690931D62063300C2BECD /* Icon-Small@2x.png */; };
		647690A71D62063300C2BECD /* Icon-60.png in Resources */ = {isa = PBXBuildFile; fileRef = 647690941D62063300C2BECD /* Icon-60.png */; };
		647690A81D62063300C2BECD /* Icon-76.png in Resources */ = {isa = PBXBuildFile; fileRef = 647690951D62063300C2BECD /* Icon-76.png */; };
		647690A91D62063300C2BECD /* Icon-Small-50@2x.png in Resources */ = {isa = PBXBuildFile; fileRef = 647690961D62063300C2BECD /* Icon-Small-50@2x.png */; };
		647690AA1D62063300C2BECD /* Icon-Small@3x.png in Resources */ = {isa = PBXBuildFile; fileRef = 647690971D62063300C2BECD /* Icon-Small@3x.png */; };
		647690AB1D62063300C2BECD /* Icon@2x.png in Resources */ = {isa = PBXBuildFile; fileRef = 647690981D62063300C2BECD /* Icon@2x.png */; };
		647690AC1D62063300C2BECD /* Icon-72@2x.png in Resources */ = {isa = PBXBuildFile; fileRef = 647690991D62063300C2BECD /* Icon-72@2x.png */; };
		647690AD1D62063300C2BECD /* Icon-60@3x.png in Resources */ = {isa = PBXBuildFile; fileRef = 6476909A1D62063300C2BECD /* Icon-60@3x.png */; };
		647690B01D6207F800C2BECD /* Icon-83,5@2x.png in Resources */ = {isa = PBXBuildFile; fileRef = 647690AF1D6207F800C2BECD /* Icon-83,5@2x.png */; };
		64887D121D89D06B0061A489 /* UserNotifications.framework in Frameworks */ = {isa = PBXBuildFile; fileRef = 64887D111D89D06B0061A489 /* UserNotifications.framework */; };
		64887D141D89DC6E0061A489 /* Icon-20.png in Resources */ = {isa = PBXBuildFile; fileRef = 64887D131D89DC6E0061A489 /* Icon-20.png */; };
		648F63E81E85AFA70089B1D7 /* CATEGORIES shape.pdf in Resources */ = {isa = PBXBuildFile; fileRef = 648F63E71E85AFA70089B1D7 /* CATEGORIES shape.pdf */; };
		648F63EC1E85B3990089B1D7 /* SubscriptionsViewController.swift in Sources */ = {isa = PBXBuildFile; fileRef = 648F63EB1E85B3990089B1D7 /* SubscriptionsViewController.swift */; };
		6491613E1E4CE14200677CD4 /* SettingsPageViewController.swift in Sources */ = {isa = PBXBuildFile; fileRef = 6491613D1E4CE14200677CD4 /* SettingsPageViewController.swift */; };
		649161401E4CEBDF00677CD4 /* AboutTableViewController.swift in Sources */ = {isa = PBXBuildFile; fileRef = 6491613F1E4CEBDF00677CD4 /* AboutTableViewController.swift */; };
		64922B6A1E817066003B3DA1 /* Chivo-Black.ttf in Resources */ = {isa = PBXBuildFile; fileRef = 64922B661E817066003B3DA1 /* Chivo-Black.ttf */; };
		64922B6B1E817066003B3DA1 /* Chivo-BlackItalic.ttf in Resources */ = {isa = PBXBuildFile; fileRef = 64922B671E817066003B3DA1 /* Chivo-BlackItalic.ttf */; };
		64922B6C1E817066003B3DA1 /* Chivo-Italic.ttf in Resources */ = {isa = PBXBuildFile; fileRef = 64922B681E817066003B3DA1 /* Chivo-Italic.ttf */; };
		64922B6D1E817066003B3DA1 /* Chivo-Regular.ttf in Resources */ = {isa = PBXBuildFile; fileRef = 64922B691E817066003B3DA1 /* Chivo-Regular.ttf */; };
		64922B721E81718A003B3DA1 /* BLINK shape.pdf in Resources */ = {isa = PBXBuildFile; fileRef = 64922B711E81718A003B3DA1 /* BLINK shape.pdf */; };
		64D5251F1D8EE9EE000B2EA9 /* Post.swift in Sources */ = {isa = PBXBuildFile; fileRef = 64D5251E1D8EE9EE000B2EA9 /* Post.swift */; };
		64D525211D8EEA73000B2EA9 /* Post+CoreDataProperties.swift in Sources */ = {isa = PBXBuildFile; fileRef = 64D525201D8EEA73000B2EA9 /* Post+CoreDataProperties.swift */; };
		64DAB0A01D55EA0C0029BB8B /* AppDelegate.swift in Sources */ = {isa = PBXBuildFile; fileRef = 64DAB09F1D55EA0C0029BB8B /* AppDelegate.swift */; };
		64DAB0A51D55EA0C0029BB8B /* Main.storyboard in Resources */ = {isa = PBXBuildFile; fileRef = 64DAB0A31D55EA0C0029BB8B /* Main.storyboard */; };
		64DAB0A71D55EA0C0029BB8B /* Assets.xcassets in Resources */ = {isa = PBXBuildFile; fileRef = 64DAB0A61D55EA0C0029BB8B /* Assets.xcassets */; };
		64DAB0AA1D55EA0C0029BB8B /* LaunchScreen.storyboard in Resources */ = {isa = PBXBuildFile; fileRef = 64DAB0A81D55EA0C0029BB8B /* LaunchScreen.storyboard */; };
		64DAB0B51D55EA0C0029BB8B /* BlinkTests.swift in Sources */ = {isa = PBXBuildFile; fileRef = 64DAB0B41D55EA0C0029BB8B /* BlinkTests.swift */; };
		64DAB0C01D55EA0C0029BB8B /* BlinkUITests.swift in Sources */ = {isa = PBXBuildFile; fileRef = 64DAB0BF1D55EA0C0029BB8B /* BlinkUITests.swift */; };
		64DAB0D01D5601460029BB8B /* Timeline.swift in Sources */ = {isa = PBXBuildFile; fileRef = 64DAB0CF1D5601460029BB8B /* Timeline.swift */; };
		64F910C51D748DA800E3E4B2 /* myCoreDataModel.xcdatamodeld in Sources */ = {isa = PBXBuildFile; fileRef = 64F910C31D748DA800E3E4B2 /* myCoreDataModel.xcdatamodeld */; };
/* End PBXBuildFile section */

/* Begin PBXContainerItemProxy section */
		64DAB0B11D55EA0C0029BB8B /* PBXContainerItemProxy */ = {
			isa = PBXContainerItemProxy;
			containerPortal = 64DAB0941D55EA0C0029BB8B /* Project object */;
			proxyType = 1;
			remoteGlobalIDString = 64DAB09B1D55EA0C0029BB8B;
			remoteInfo = Blink;
		};
		64DAB0BC1D55EA0C0029BB8B /* PBXContainerItemProxy */ = {
			isa = PBXContainerItemProxy;
			containerPortal = 64DAB0941D55EA0C0029BB8B /* Project object */;
			proxyType = 1;
			remoteGlobalIDString = 64DAB09B1D55EA0C0029BB8B;
			remoteInfo = Blink;
		};
/* End PBXContainerItemProxy section */

/* Begin PBXCopyFilesBuildPhase section */
		64E382F51D96E17200467364 /* Embed App Extensions */ = {
			isa = PBXCopyFilesBuildPhase;
			buildActionMask = 2147483647;
			dstPath = "";
			dstSubfolderSpec = 13;
			files = (
			);
			name = "Embed App Extensions";
			runOnlyForDeploymentPostprocessing = 0;
		};
/* End PBXCopyFilesBuildPhase section */

/* Begin PBXFileReference section */
		6429328D1E1BF22700A8EE77 /* More.pdf */ = {isa = PBXFileReference; lastKnownFileType = image.pdf; path = More.pdf; sourceTree = "<group>"; };
		64360DF71D589E4E0094AE6B /* PostNavigationController.swift */ = {isa = PBXFileReference; fileEncoding = 4; lastKnownFileType = sourcecode.swift; path = PostNavigationController.swift; sourceTree = "<group>"; };
		643F44261D639384000A6775 /* SubscriptionsCollectionView.swift */ = {isa = PBXFileReference; fileEncoding = 4; lastKnownFileType = sourcecode.swift; path = SubscriptionsCollectionView.swift; sourceTree = "<group>"; };
		6448A5911E4A4E370061A857 /* PreviewViewController.swift */ = {isa = PBXFileReference; fileEncoding = 4; lastKnownFileType = sourcecode.swift; path = PreviewViewController.swift; sourceTree = "<group>"; };
		6448A5971E4A69B40061A857 /* MKAnnotationView+WebCache.h */ = {isa = PBXFileReference; fileEncoding = 4; lastKnownFileType = sourcecode.c.h; path = "MKAnnotationView+WebCache.h"; sourceTree = "<group>"; };
		6448A5981E4A69B40061A857 /* MKAnnotationView+WebCache.m */ = {isa = PBXFileReference; fileEncoding = 4; lastKnownFileType = sourcecode.c.objc; path = "MKAnnotationView+WebCache.m"; sourceTree = "<group>"; };
		6448A5991E4A69B40061A857 /* NSData+ImageContentType.h */ = {isa = PBXFileReference; fileEncoding = 4; lastKnownFileType = sourcecode.c.h; path = "NSData+ImageContentType.h"; sourceTree = "<group>"; };
		6448A59A1E4A69B40061A857 /* NSData+ImageContentType.m */ = {isa = PBXFileReference; fileEncoding = 4; lastKnownFileType = sourcecode.c.objc; path = "NSData+ImageContentType.m"; sourceTree = "<group>"; };
		6448A59B1E4A69B40061A857 /* NSImage+WebCache.h */ = {isa = PBXFileReference; fileEncoding = 4; lastKnownFileType = sourcecode.c.h; path = "NSImage+WebCache.h"; sourceTree = "<group>"; };
		6448A59C1E4A69B40061A857 /* NSImage+WebCache.m */ = {isa = PBXFileReference; fileEncoding = 4; lastKnownFileType = sourcecode.c.objc; path = "NSImage+WebCache.m"; sourceTree = "<group>"; };
		6448A59D1E4A69B40061A857 /* SDImageCache.h */ = {isa = PBXFileReference; fileEncoding = 4; lastKnownFileType = sourcecode.c.h; path = SDImageCache.h; sourceTree = "<group>"; };
		6448A59E1E4A69B40061A857 /* SDImageCache.m */ = {isa = PBXFileReference; fileEncoding = 4; lastKnownFileType = sourcecode.c.objc; path = SDImageCache.m; sourceTree = "<group>"; };
		6448A59F1E4A69B40061A857 /* SDImageCacheConfig.h */ = {isa = PBXFileReference; fileEncoding = 4; lastKnownFileType = sourcecode.c.h; path = SDImageCacheConfig.h; sourceTree = "<group>"; };
		6448A5A01E4A69B40061A857 /* SDImageCacheConfig.m */ = {isa = PBXFileReference; fileEncoding = 4; lastKnownFileType = sourcecode.c.objc; path = SDImageCacheConfig.m; sourceTree = "<group>"; };
		6448A5A11E4A69B40061A857 /* SDWebImageCompat.h */ = {isa = PBXFileReference; fileEncoding = 4; lastKnownFileType = sourcecode.c.h; path = SDWebImageCompat.h; sourceTree = "<group>"; };
		6448A5A21E4A69B40061A857 /* SDWebImageCompat.m */ = {isa = PBXFileReference; fileEncoding = 4; lastKnownFileType = sourcecode.c.objc; path = SDWebImageCompat.m; sourceTree = "<group>"; };
		6448A5A31E4A69B40061A857 /* SDWebImageDecoder.h */ = {isa = PBXFileReference; fileEncoding = 4; lastKnownFileType = sourcecode.c.h; path = SDWebImageDecoder.h; sourceTree = "<group>"; };
		6448A5A41E4A69B40061A857 /* SDWebImageDecoder.m */ = {isa = PBXFileReference; fileEncoding = 4; lastKnownFileType = sourcecode.c.objc; path = SDWebImageDecoder.m; sourceTree = "<group>"; };
		6448A5A51E4A69B40061A857 /* SDWebImageDownloader.h */ = {isa = PBXFileReference; fileEncoding = 4; lastKnownFileType = sourcecode.c.h; path = SDWebImageDownloader.h; sourceTree = "<group>"; };
		6448A5A61E4A69B40061A857 /* SDWebImageDownloader.m */ = {isa = PBXFileReference; fileEncoding = 4; lastKnownFileType = sourcecode.c.objc; path = SDWebImageDownloader.m; sourceTree = "<group>"; };
		6448A5A71E4A69B40061A857 /* SDWebImageDownloaderOperation.h */ = {isa = PBXFileReference; fileEncoding = 4; lastKnownFileType = sourcecode.c.h; path = SDWebImageDownloaderOperation.h; sourceTree = "<group>"; };
		6448A5A81E4A69B40061A857 /* SDWebImageDownloaderOperation.m */ = {isa = PBXFileReference; fileEncoding = 4; lastKnownFileType = sourcecode.c.objc; path = SDWebImageDownloaderOperation.m; sourceTree = "<group>"; };
		6448A5A91E4A69B40061A857 /* SDWebImageManager.h */ = {isa = PBXFileReference; fileEncoding = 4; lastKnownFileType = sourcecode.c.h; path = SDWebImageManager.h; sourceTree = "<group>"; };
		6448A5AA1E4A69B40061A857 /* SDWebImageManager.m */ = {isa = PBXFileReference; fileEncoding = 4; lastKnownFileType = sourcecode.c.objc; path = SDWebImageManager.m; sourceTree = "<group>"; };
		6448A5AB1E4A69B40061A857 /* SDWebImageOperation.h */ = {isa = PBXFileReference; fileEncoding = 4; lastKnownFileType = sourcecode.c.h; path = SDWebImageOperation.h; sourceTree = "<group>"; };
		6448A5AC1E4A69B40061A857 /* SDWebImagePrefetcher.h */ = {isa = PBXFileReference; fileEncoding = 4; lastKnownFileType = sourcecode.c.h; path = SDWebImagePrefetcher.h; sourceTree = "<group>"; };
		6448A5AD1E4A69B40061A857 /* SDWebImagePrefetcher.m */ = {isa = PBXFileReference; fileEncoding = 4; lastKnownFileType = sourcecode.c.objc; path = SDWebImagePrefetcher.m; sourceTree = "<group>"; };
		6448A5AE1E4A69B40061A857 /* UIButton+WebCache.h */ = {isa = PBXFileReference; fileEncoding = 4; lastKnownFileType = sourcecode.c.h; path = "UIButton+WebCache.h"; sourceTree = "<group>"; };
		6448A5AF1E4A69B40061A857 /* UIButton+WebCache.m */ = {isa = PBXFileReference; fileEncoding = 4; lastKnownFileType = sourcecode.c.objc; path = "UIButton+WebCache.m"; sourceTree = "<group>"; };
		6448A5B01E4A69B40061A857 /* UIImage+GIF.h */ = {isa = PBXFileReference; fileEncoding = 4; lastKnownFileType = sourcecode.c.h; path = "UIImage+GIF.h"; sourceTree = "<group>"; };
		6448A5B11E4A69B40061A857 /* UIImage+GIF.m */ = {isa = PBXFileReference; fileEncoding = 4; lastKnownFileType = sourcecode.c.objc; path = "UIImage+GIF.m"; sourceTree = "<group>"; };
		6448A5B21E4A69B40061A857 /* UIImage+MultiFormat.h */ = {isa = PBXFileReference; fileEncoding = 4; lastKnownFileType = sourcecode.c.h; path = "UIImage+MultiFormat.h"; sourceTree = "<group>"; };
		6448A5B31E4A69B40061A857 /* UIImage+MultiFormat.m */ = {isa = PBXFileReference; fileEncoding = 4; lastKnownFileType = sourcecode.c.objc; path = "UIImage+MultiFormat.m"; sourceTree = "<group>"; };
		6448A5B41E4A69B40061A857 /* UIImage+WebP.h */ = {isa = PBXFileReference; fileEncoding = 4; lastKnownFileType = sourcecode.c.h; path = "UIImage+WebP.h"; sourceTree = "<group>"; };
		6448A5B51E4A69B40061A857 /* UIImage+WebP.m */ = {isa = PBXFileReference; fileEncoding = 4; lastKnownFileType = sourcecode.c.objc; path = "UIImage+WebP.m"; sourceTree = "<group>"; };
		6448A5B61E4A69B40061A857 /* UIImageView+HighlightedWebCache.h */ = {isa = PBXFileReference; fileEncoding = 4; lastKnownFileType = sourcecode.c.h; path = "UIImageView+HighlightedWebCache.h"; sourceTree = "<group>"; };
		6448A5B71E4A69B40061A857 /* UIImageView+HighlightedWebCache.m */ = {isa = PBXFileReference; fileEncoding = 4; lastKnownFileType = sourcecode.c.objc; path = "UIImageView+HighlightedWebCache.m"; sourceTree = "<group>"; };
		6448A5B81E4A69B40061A857 /* UIImageView+WebCache.h */ = {isa = PBXFileReference; fileEncoding = 4; lastKnownFileType = sourcecode.c.h; path = "UIImageView+WebCache.h"; sourceTree = "<group>"; };
		6448A5B91E4A69B40061A857 /* UIImageView+WebCache.m */ = {isa = PBXFileReference; fileEncoding = 4; lastKnownFileType = sourcecode.c.objc; path = "UIImageView+WebCache.m"; sourceTree = "<group>"; };
		6448A5BA1E4A69B40061A857 /* UIView+WebCache.h */ = {isa = PBXFileReference; fileEncoding = 4; lastKnownFileType = sourcecode.c.h; path = "UIView+WebCache.h"; sourceTree = "<group>"; };
		6448A5BB1E4A69B40061A857 /* UIView+WebCache.m */ = {isa = PBXFileReference; fileEncoding = 4; lastKnownFileType = sourcecode.c.objc; path = "UIView+WebCache.m"; sourceTree = "<group>"; };
		6448A5BC1E4A69B40061A857 /* UIView+WebCacheOperation.h */ = {isa = PBXFileReference; fileEncoding = 4; lastKnownFileType = sourcecode.c.h; path = "UIView+WebCacheOperation.h"; sourceTree = "<group>"; };
		6448A5BD1E4A69B40061A857 /* UIView+WebCacheOperation.m */ = {isa = PBXFileReference; fileEncoding = 4; lastKnownFileType = sourcecode.c.objc; path = "UIView+WebCacheOperation.m"; sourceTree = "<group>"; };
		64588DCF1E806654008B0FB0 /* Share.pdf */ = {isa = PBXFileReference; lastKnownFileType = image.pdf; path = Share.pdf; sourceTree = "<group>"; };
		646A7E051E1068A00045F685 /* UserNotificationsUI.framework */ = {isa = PBXFileReference; lastKnownFileType = wrapper.framework; name = UserNotificationsUI.framework; path = System/Library/Frameworks/UserNotificationsUI.framework; sourceTree = SDKROOT; };
		647183C61D63116100712A97 /* Home.pdf */ = {isa = PBXFileReference; lastKnownFileType = image.pdf; path = Home.pdf; sourceTree = "<group>"; };
		647690891D62063300C2BECD /* Icon-72.png */ = {isa = PBXFileReference; lastKnownFileType = image.png; path = "Icon-72.png"; sourceTree = "<group>"; };
		6476908A1D62063300C2BECD /* Icon.png */ = {isa = PBXFileReference; lastKnownFileType = image.png; path = Icon.png; sourceTree = "<group>"; };
		6476908B1D62063300C2BECD /* Icon-Small.png */ = {isa = PBXFileReference; lastKnownFileType = image.png; path = "Icon-Small.png"; sourceTree = "<group>"; };
		6476908C1D62063300C2BECD /* Icon-76@2x.png */ = {isa = PBXFileReference; lastKnownFileType = image.png; path = "Icon-76@2x.png"; sourceTree = "<group>"; };
		6476908D1D62063300C2BECD /* Icon-60@2x.png */ = {isa = PBXFileReference; lastKnownFileType = image.png; path = "Icon-60@2x.png"; sourceTree = "<group>"; };
		6476908E1D62063300C2BECD /* Icon-Small-50.png */ = {isa = PBXFileReference; lastKnownFileType = image.png; path = "Icon-Small-50.png"; sourceTree = "<group>"; };
		6476908F1D62063300C2BECD /* Icon-Small-40@2x.png */ = {isa = PBXFileReference; lastKnownFileType = image.png; path = "Icon-Small-40@2x.png"; sourceTree = "<group>"; };
		647690901D62063300C2BECD /* Icon-Small-40.png */ = {isa = PBXFileReference; lastKnownFileType = image.png; path = "Icon-Small-40.png"; sourceTree = "<group>"; };
		647690911D62063300C2BECD /* iTunesArtwork@2x.png */ = {isa = PBXFileReference; lastKnownFileType = image.png; path = "iTunesArtwork@2x.png"; sourceTree = "<group>"; };
		647690921D62063300C2BECD /* Icon-Small-40@3x.png */ = {isa = PBXFileReference; lastKnownFileType = image.png; path = "Icon-Small-40@3x.png"; sourceTree = "<group>"; };
		647690931D62063300C2BECD /* Icon-Small@2x.png */ = {isa = PBXFileReference; lastKnownFileType = image.png; path = "Icon-Small@2x.png"; sourceTree = "<group>"; };
		647690941D62063300C2BECD /* Icon-60.png */ = {isa = PBXFileReference; lastKnownFileType = image.png; path = "Icon-60.png"; sourceTree = "<group>"; };
		647690951D62063300C2BECD /* Icon-76.png */ = {isa = PBXFileReference; lastKnownFileType = image.png; path = "Icon-76.png"; sourceTree = "<group>"; };
		647690961D62063300C2BECD /* Icon-Small-50@2x.png */ = {isa = PBXFileReference; lastKnownFileType = image.png; path = "Icon-Small-50@2x.png"; sourceTree = "<group>"; };
		647690971D62063300C2BECD /* Icon-Small@3x.png */ = {isa = PBXFileReference; lastKnownFileType = image.png; path = "Icon-Small@3x.png"; sourceTree = "<group>"; };
		647690981D62063300C2BECD /* Icon@2x.png */ = {isa = PBXFileReference; lastKnownFileType = image.png; path = "Icon@2x.png"; sourceTree = "<group>"; };
		647690991D62063300C2BECD /* Icon-72@2x.png */ = {isa = PBXFileReference; lastKnownFileType = image.png; path = "Icon-72@2x.png"; sourceTree = "<group>"; };
		6476909A1D62063300C2BECD /* Icon-60@3x.png */ = {isa = PBXFileReference; lastKnownFileType = image.png; path = "Icon-60@3x.png"; sourceTree = "<group>"; };
		647690AF1D6207F800C2BECD /* Icon-83,5@2x.png */ = {isa = PBXFileReference; lastKnownFileType = image.png; path = "Icon-83,5@2x.png"; sourceTree = "<group>"; };
		64887D111D89D06B0061A489 /* UserNotifications.framework */ = {isa = PBXFileReference; lastKnownFileType = wrapper.framework; name = UserNotifications.framework; path = System/Library/Frameworks/UserNotifications.framework; sourceTree = SDKROOT; };
		64887D131D89DC6E0061A489 /* Icon-20.png */ = {isa = PBXFileReference; lastKnownFileType = image.png; path = "Icon-20.png"; sourceTree = "<group>"; };
		648F63E71E85AFA70089B1D7 /* CATEGORIES shape.pdf */ = {isa = PBXFileReference; lastKnownFileType = image.pdf; path = "CATEGORIES shape.pdf"; sourceTree = "<group>"; };
		648F63EB1E85B3990089B1D7 /* SubscriptionsViewController.swift */ = {isa = PBXFileReference; fileEncoding = 4; lastKnownFileType = sourcecode.swift; path = SubscriptionsViewController.swift; sourceTree = "<group>"; };
		6491613D1E4CE14200677CD4 /* SettingsPageViewController.swift */ = {isa = PBXFileReference; fileEncoding = 4; lastKnownFileType = sourcecode.swift; path = SettingsPageViewController.swift; sourceTree = "<group>"; };
		6491613F1E4CEBDF00677CD4 /* AboutTableViewController.swift */ = {isa = PBXFileReference; fileEncoding = 4; lastKnownFileType = sourcecode.swift; path = AboutTableViewController.swift; sourceTree = "<group>"; };
		64922B661E817066003B3DA1 /* Chivo-Black.ttf */ = {isa = PBXFileReference; lastKnownFileType = file; path = "Chivo-Black.ttf"; sourceTree = "<group>"; };
		64922B671E817066003B3DA1 /* Chivo-BlackItalic.ttf */ = {isa = PBXFileReference; lastKnownFileType = file; path = "Chivo-BlackItalic.ttf"; sourceTree = "<group>"; };
		64922B681E817066003B3DA1 /* Chivo-Italic.ttf */ = {isa = PBXFileReference; lastKnownFileType = file; path = "Chivo-Italic.ttf"; sourceTree = "<group>"; };
		64922B691E817066003B3DA1 /* Chivo-Regular.ttf */ = {isa = PBXFileReference; lastKnownFileType = file; path = "Chivo-Regular.ttf"; sourceTree = "<group>"; };
		64922B711E81718A003B3DA1 /* BLINK shape.pdf */ = {isa = PBXFileReference; lastKnownFileType = image.pdf; path = "BLINK shape.pdf"; sourceTree = "<group>"; };
		6497C2BB1D625176001922A7 /* Blink-Bridging-Header.h */ = {isa = PBXFileReference; lastKnownFileType = sourcecode.c.h; path = "Blink-Bridging-Header.h"; sourceTree = "<group>"; };
		64D5251E1D8EE9EE000B2EA9 /* Post.swift */ = {isa = PBXFileReference; fileEncoding = 4; lastKnownFileType = sourcecode.swift; path = Post.swift; sourceTree = "<group>"; };
		64D525201D8EEA73000B2EA9 /* Post+CoreDataProperties.swift */ = {isa = PBXFileReference; fileEncoding = 4; lastKnownFileType = sourcecode.swift; path = "Post+CoreDataProperties.swift"; sourceTree = "<group>"; };
		64DAB09C1D55EA0C0029BB8B /* Blink.app */ = {isa = PBXFileReference; explicitFileType = wrapper.application; includeInIndex = 0; path = Blink.app; sourceTree = BUILT_PRODUCTS_DIR; };
		64DAB09F1D55EA0C0029BB8B /* AppDelegate.swift */ = {isa = PBXFileReference; lastKnownFileType = sourcecode.swift; path = AppDelegate.swift; sourceTree = "<group>"; };
		64DAB0A41D55EA0C0029BB8B /* Base */ = {isa = PBXFileReference; lastKnownFileType = file.storyboard; name = Base; path = Base.lproj/Main.storyboard; sourceTree = "<group>"; };
		64DAB0A61D55EA0C0029BB8B /* Assets.xcassets */ = {isa = PBXFileReference; lastKnownFileType = folder.assetcatalog; path = Assets.xcassets; sourceTree = "<group>"; };
		64DAB0A91D55EA0C0029BB8B /* Base */ = {isa = PBXFileReference; lastKnownFileType = file.storyboard; name = Base; path = Base.lproj/LaunchScreen.storyboard; sourceTree = "<group>"; };
		64DAB0AB1D55EA0C0029BB8B /* Info.plist */ = {isa = PBXFileReference; lastKnownFileType = text.plist.xml; path = Info.plist; sourceTree = "<group>"; };
		64DAB0B01D55EA0C0029BB8B /* BlinkTests.xctest */ = {isa = PBXFileReference; explicitFileType = wrapper.cfbundle; includeInIndex = 0; path = BlinkTests.xctest; sourceTree = BUILT_PRODUCTS_DIR; };
		64DAB0B41D55EA0C0029BB8B /* BlinkTests.swift */ = {isa = PBXFileReference; lastKnownFileType = sourcecode.swift; path = BlinkTests.swift; sourceTree = "<group>"; };
		64DAB0B61D55EA0C0029BB8B /* Info.plist */ = {isa = PBXFileReference; lastKnownFileType = text.plist.xml; path = Info.plist; sourceTree = "<group>"; };
		64DAB0BB1D55EA0C0029BB8B /* BlinkUITests.xctest */ = {isa = PBXFileReference; explicitFileType = wrapper.cfbundle; includeInIndex = 0; path = BlinkUITests.xctest; sourceTree = BUILT_PRODUCTS_DIR; };
		64DAB0BF1D55EA0C0029BB8B /* BlinkUITests.swift */ = {isa = PBXFileReference; lastKnownFileType = sourcecode.swift; path = BlinkUITests.swift; sourceTree = "<group>"; };
		64DAB0C11D55EA0C0029BB8B /* Info.plist */ = {isa = PBXFileReference; lastKnownFileType = text.plist.xml; path = Info.plist; sourceTree = "<group>"; };
		64DAB0CF1D5601460029BB8B /* Timeline.swift */ = {isa = PBXFileReference; fileEncoding = 4; lastKnownFileType = sourcecode.swift; path = Timeline.swift; sourceTree = "<group>"; };
		64E382E61D96E17100467364 /* NotificationCenter.framework */ = {isa = PBXFileReference; lastKnownFileType = wrapper.framework; name = NotificationCenter.framework; path = System/Library/Frameworks/NotificationCenter.framework; sourceTree = SDKROOT; };
		64F910C41D748DA800E3E4B2 /* myCoreDataModel.xcdatamodel */ = {isa = PBXFileReference; lastKnownFileType = wrapper.xcdatamodel; path = myCoreDataModel.xcdatamodel; sourceTree = "<group>"; };
/* End PBXFileReference section */

/* Begin PBXFrameworksBuildPhase section */
		64DAB0991D55EA0C0029BB8B /* Frameworks */ = {
			isa = PBXFrameworksBuildPhase;
			buildActionMask = 2147483647;
			files = (
				646A7E061E1068A00045F685 /* UserNotificationsUI.framework in Frameworks */,
				646A7E041E1068A00045F685 /* NotificationCenter.framework in Frameworks */,
				64887D121D89D06B0061A489 /* UserNotifications.framework in Frameworks */,
			);
			runOnlyForDeploymentPostprocessing = 0;
		};
		64DAB0AD1D55EA0C0029BB8B /* Frameworks */ = {
			isa = PBXFrameworksBuildPhase;
			buildActionMask = 2147483647;
			files = (
			);
			runOnlyForDeploymentPostprocessing = 0;
		};
		64DAB0B81D55EA0C0029BB8B /* Frameworks */ = {
			isa = PBXFrameworksBuildPhase;
			buildActionMask = 2147483647;
			files = (
			);
			runOnlyForDeploymentPostprocessing = 0;
		};
/* End PBXFrameworksBuildPhase section */

/* Begin PBXGroup section */
		64360DFB1D58B4400094AE6B /* Assets */ = {
			isa = PBXGroup;
			children = (
				64922B6F1E8170D1003B3DA1 /* Fonts */,
				64922B701E8170DC003B3DA1 /* App Icon */,
				6429328D1E1BF22700A8EE77 /* More.pdf */,
				647183C61D63116100712A97 /* Home.pdf */,
				64588DCF1E806654008B0FB0 /* Share.pdf */,
				64922B711E81718A003B3DA1 /* BLINK shape.pdf */,
				648F63E71E85AFA70089B1D7 /* CATEGORIES shape.pdf */,
			);
			name = Assets;
			path = Icon;
			sourceTree = "<group>";
		};
		6448A5931E4A69B40061A857 /* SDWebImage */ = {
			isa = PBXGroup;
			children = (
				6448A5971E4A69B40061A857 /* MKAnnotationView+WebCache.h */,
				6448A5981E4A69B40061A857 /* MKAnnotationView+WebCache.m */,
				6448A5991E4A69B40061A857 /* NSData+ImageContentType.h */,
				6448A59A1E4A69B40061A857 /* NSData+ImageContentType.m */,
				6448A59B1E4A69B40061A857 /* NSImage+WebCache.h */,
				6448A59C1E4A69B40061A857 /* NSImage+WebCache.m */,
				6448A59D1E4A69B40061A857 /* SDImageCache.h */,
				6448A59E1E4A69B40061A857 /* SDImageCache.m */,
				6448A59F1E4A69B40061A857 /* SDImageCacheConfig.h */,
				6448A5A01E4A69B40061A857 /* SDImageCacheConfig.m */,
				6448A5A11E4A69B40061A857 /* SDWebImageCompat.h */,
				6448A5A21E4A69B40061A857 /* SDWebImageCompat.m */,
				6448A5A31E4A69B40061A857 /* SDWebImageDecoder.h */,
				6448A5A41E4A69B40061A857 /* SDWebImageDecoder.m */,
				6448A5A51E4A69B40061A857 /* SDWebImageDownloader.h */,
				6448A5A61E4A69B40061A857 /* SDWebImageDownloader.m */,
				6448A5A71E4A69B40061A857 /* SDWebImageDownloaderOperation.h */,
				6448A5A81E4A69B40061A857 /* SDWebImageDownloaderOperation.m */,
				6448A5A91E4A69B40061A857 /* SDWebImageManager.h */,
				6448A5AA1E4A69B40061A857 /* SDWebImageManager.m */,
				6448A5AB1E4A69B40061A857 /* SDWebImageOperation.h */,
				6448A5AC1E4A69B40061A857 /* SDWebImagePrefetcher.h */,
				6448A5AD1E4A69B40061A857 /* SDWebImagePrefetcher.m */,
				6448A5AE1E4A69B40061A857 /* UIButton+WebCache.h */,
				6448A5AF1E4A69B40061A857 /* UIButton+WebCache.m */,
				6448A5B01E4A69B40061A857 /* UIImage+GIF.h */,
				6448A5B11E4A69B40061A857 /* UIImage+GIF.m */,
				6448A5B21E4A69B40061A857 /* UIImage+MultiFormat.h */,
				6448A5B31E4A69B40061A857 /* UIImage+MultiFormat.m */,
				6448A5B41E4A69B40061A857 /* UIImage+WebP.h */,
				6448A5B51E4A69B40061A857 /* UIImage+WebP.m */,
				6448A5B61E4A69B40061A857 /* UIImageView+HighlightedWebCache.h */,
				6448A5B71E4A69B40061A857 /* UIImageView+HighlightedWebCache.m */,
				6448A5B81E4A69B40061A857 /* UIImageView+WebCache.h */,
				6448A5B91E4A69B40061A857 /* UIImageView+WebCache.m */,
				6448A5BA1E4A69B40061A857 /* UIView+WebCache.h */,
				6448A5BB1E4A69B40061A857 /* UIView+WebCache.m */,
				6448A5BC1E4A69B40061A857 /* UIView+WebCacheOperation.h */,
				6448A5BD1E4A69B40061A857 /* UIView+WebCacheOperation.m */,
			);
			path = SDWebImage;
			sourceTree = "<group>";
		};
		64887D101D89D06B0061A489 /* Frameworks */ = {
			isa = PBXGroup;
			children = (
				646A7E051E1068A00045F685 /* UserNotificationsUI.framework */,
				64887D111D89D06B0061A489 /* UserNotifications.framework */,
				64E382E61D96E17100467364 /* NotificationCenter.framework */,
			);
			name = Frameworks;
			sourceTree = "<group>";
		};
		64922B6F1E8170D1003B3DA1 /* Fonts */ = {
			isa = PBXGroup;
			children = (
				64922B661E817066003B3DA1 /* Chivo-Black.ttf */,
				64922B671E817066003B3DA1 /* Chivo-BlackItalic.ttf */,
				64922B681E817066003B3DA1 /* Chivo-Italic.ttf */,
				64922B691E817066003B3DA1 /* Chivo-Regular.ttf */,
			);
			name = Fonts;
			sourceTree = "<group>";
		};
		64922B701E8170DC003B3DA1 /* App Icon */ = {
			isa = PBXGroup;
			children = (
				64887D131D89DC6E0061A489 /* Icon-20.png */,
				647690AF1D6207F800C2BECD /* Icon-83,5@2x.png */,
				647690891D62063300C2BECD /* Icon-72.png */,
				6476908A1D62063300C2BECD /* Icon.png */,
				6476908B1D62063300C2BECD /* Icon-Small.png */,
				6476908C1D62063300C2BECD /* Icon-76@2x.png */,
				6476908D1D62063300C2BECD /* Icon-60@2x.png */,
				6476908E1D62063300C2BECD /* Icon-Small-50.png */,
				6476908F1D62063300C2BECD /* Icon-Small-40@2x.png */,
				647690901D62063300C2BECD /* Icon-Small-40.png */,
				647690911D62063300C2BECD /* iTunesArtwork@2x.png */,
				647690921D62063300C2BECD /* Icon-Small-40@3x.png */,
				647690931D62063300C2BECD /* Icon-Small@2x.png */,
				647690941D62063300C2BECD /* Icon-60.png */,
				647690951D62063300C2BECD /* Icon-76.png */,
				647690961D62063300C2BECD /* Icon-Small-50@2x.png */,
				647690971D62063300C2BECD /* Icon-Small@3x.png */,
				647690981D62063300C2BECD /* Icon@2x.png */,
				647690991D62063300C2BECD /* Icon-72@2x.png */,
				6476909A1D62063300C2BECD /* Icon-60@3x.png */,
			);
			name = "App Icon";
			sourceTree = "<group>";
		};
		64DAB0931D55EA0C0029BB8B = {
			isa = PBXGroup;
			children = (
				64DAB09E1D55EA0C0029BB8B /* Blink */,
				64DAB0B31D55EA0C0029BB8B /* BlinkTests */,
				64DAB0BE1D55EA0C0029BB8B /* BlinkUITests */,
				64DAB09D1D55EA0C0029BB8B /* Products */,
				64887D101D89D06B0061A489 /* Frameworks */,
			);
			sourceTree = "<group>";
		};
		64DAB09D1D55EA0C0029BB8B /* Products */ = {
			isa = PBXGroup;
			children = (
				64DAB09C1D55EA0C0029BB8B /* Blink.app */,
				64DAB0B01D55EA0C0029BB8B /* BlinkTests.xctest */,
				64DAB0BB1D55EA0C0029BB8B /* BlinkUITests.xctest */,
			);
			name = Products;
			sourceTree = "<group>";
		};
		64DAB09E1D55EA0C0029BB8B /* Blink */ = {
			isa = PBXGroup;
			children = (
				64DAB09F1D55EA0C0029BB8B /* AppDelegate.swift */,
				64DAB0CF1D5601460029BB8B /* Timeline.swift */,
				643F44261D639384000A6775 /* SubscriptionsCollectionView.swift */,
				6491613D1E4CE14200677CD4 /* SettingsPageViewController.swift */,
				648F63EB1E85B3990089B1D7 /* SubscriptionsViewController.swift */,
				6491613F1E4CEBDF00677CD4 /* AboutTableViewController.swift */,
				6448A5911E4A4E370061A857 /* PreviewViewController.swift */,
				64DAB0A31D55EA0C0029BB8B /* Main.storyboard */,
				64360DF71D589E4E0094AE6B /* PostNavigationController.swift */,
				64DAB0A61D55EA0C0029BB8B /* Assets.xcassets */,
				64DAB0A81D55EA0C0029BB8B /* LaunchScreen.storyboard */,
				64DAB0AB1D55EA0C0029BB8B /* Info.plist */,
				64360DFB1D58B4400094AE6B /* Assets */,
				64F910C31D748DA800E3E4B2 /* myCoreDataModel.xcdatamodeld */,
				64D525201D8EEA73000B2EA9 /* Post+CoreDataProperties.swift */,
				64D5251E1D8EE9EE000B2EA9 /* Post.swift */,
				6497C2BB1D625176001922A7 /* Blink-Bridging-Header.h */,
				6448A5931E4A69B40061A857 /* SDWebImage */,
			);
			path = Blink;
			sourceTree = "<group>";
		};
		64DAB0B31D55EA0C0029BB8B /* BlinkTests */ = {
			isa = PBXGroup;
			children = (
				64DAB0B41D55EA0C0029BB8B /* BlinkTests.swift */,
				64DAB0B61D55EA0C0029BB8B /* Info.plist */,
			);
			path = BlinkTests;
			sourceTree = "<group>";
		};
		64DAB0BE1D55EA0C0029BB8B /* BlinkUITests */ = {
			isa = PBXGroup;
			children = (
				64DAB0BF1D55EA0C0029BB8B /* BlinkUITests.swift */,
				64DAB0C11D55EA0C0029BB8B /* Info.plist */,
			);
			path = BlinkUITests;
			sourceTree = "<group>";
		};
/* End PBXGroup section */

/* Begin PBXNativeTarget section */
		64DAB09B1D55EA0C0029BB8B /* Blink */ = {
			isa = PBXNativeTarget;
			buildConfigurationList = 64DAB0C41D55EA0C0029BB8B /* Build configuration list for PBXNativeTarget "Blink" */;
			buildPhases = (
				64DAB0981D55EA0C0029BB8B /* Sources */,
				64DAB0991D55EA0C0029BB8B /* Frameworks */,
				64DAB09A1D55EA0C0029BB8B /* Resources */,
				64E382F51D96E17200467364 /* Embed App Extensions */,
			);
			buildRules = (
			);
			dependencies = (
			);
			name = Blink;
			productName = Blink;
			productReference = 64DAB09C1D55EA0C0029BB8B /* Blink.app */;
			productType = "com.apple.product-type.application";
		};
		64DAB0AF1D55EA0C0029BB8B /* BlinkTests */ = {
			isa = PBXNativeTarget;
			buildConfigurationList = 64DAB0C71D55EA0C0029BB8B /* Build configuration list for PBXNativeTarget "BlinkTests" */;
			buildPhases = (
				64DAB0AC1D55EA0C0029BB8B /* Sources */,
				64DAB0AD1D55EA0C0029BB8B /* Frameworks */,
				64DAB0AE1D55EA0C0029BB8B /* Resources */,
			);
			buildRules = (
			);
			dependencies = (
				64DAB0B21D55EA0C0029BB8B /* PBXTargetDependency */,
			);
			name = BlinkTests;
			productName = BlinkTests;
			productReference = 64DAB0B01D55EA0C0029BB8B /* BlinkTests.xctest */;
			productType = "com.apple.product-type.bundle.unit-test";
		};
		64DAB0BA1D55EA0C0029BB8B /* BlinkUITests */ = {
			isa = PBXNativeTarget;
			buildConfigurationList = 64DAB0CA1D55EA0C0029BB8B /* Build configuration list for PBXNativeTarget "BlinkUITests" */;
			buildPhases = (
				64DAB0B71D55EA0C0029BB8B /* Sources */,
				64DAB0B81D55EA0C0029BB8B /* Frameworks */,
				64DAB0B91D55EA0C0029BB8B /* Resources */,
			);
			buildRules = (
			);
			dependencies = (
				64DAB0BD1D55EA0C0029BB8B /* PBXTargetDependency */,
			);
			name = BlinkUITests;
			productName = BlinkUITests;
			productReference = 64DAB0BB1D55EA0C0029BB8B /* BlinkUITests.xctest */;
			productType = "com.apple.product-type.bundle.ui-testing";
		};
/* End PBXNativeTarget section */

/* Begin PBXProject section */
		64DAB0941D55EA0C0029BB8B /* Project object */ = {
			isa = PBXProject;
			attributes = {
				LastSwiftUpdateCheck = 0800;
				LastUpgradeCheck = 0800;
				ORGANIZATIONNAME = Conradi.si;
				TargetAttributes = {
					64DAB09B1D55EA0C0029BB8B = {
						CreatedOnToolsVersion = 7.3.1;
						DevelopmentTeam = 5F26Q83G28;
						LastSwiftMigration = 0800;
						SystemCapabilities = {
							com.apple.BackgroundModes = {
								enabled = 0;
							};
						};
					};
					64DAB0AF1D55EA0C0029BB8B = {
						CreatedOnToolsVersion = 7.3.1;
						LastSwiftMigration = 0800;
						TestTargetID = 64DAB09B1D55EA0C0029BB8B;
					};
					64DAB0BA1D55EA0C0029BB8B = {
						CreatedOnToolsVersion = 7.3.1;
						LastSwiftMigration = 0800;
						TestTargetID = 64DAB09B1D55EA0C0029BB8B;
					};
				};
			};
			buildConfigurationList = 64DAB0971D55EA0C0029BB8B /* Build configuration list for PBXProject "Blink" */;
			compatibilityVersion = "Xcode 3.2";
			developmentRegion = English;
			hasScannedForEncodings = 0;
			knownRegions = (
				en,
				Base,
			);
			mainGroup = 64DAB0931D55EA0C0029BB8B;
			productRefGroup = 64DAB09D1D55EA0C0029BB8B /* Products */;
			projectDirPath = "";
			projectRoot = "";
			targets = (
				64DAB09B1D55EA0C0029BB8B /* Blink */,
				64DAB0AF1D55EA0C0029BB8B /* BlinkTests */,
				64DAB0BA1D55EA0C0029BB8B /* BlinkUITests */,
			);
		};
/* End PBXProject section */

/* Begin PBXResourcesBuildPhase section */
		64DAB09A1D55EA0C0029BB8B /* Resources */ = {
			isa = PBXResourcesBuildPhase;
			buildActionMask = 2147483647;
			files = (
				6476909E1D62063300C2BECD /* Icon-Small.png in Resources */,
				647183C81D63116100712A97 /* Home.pdf in Resources */,
				64922B6B1E817066003B3DA1 /* Chivo-BlackItalic.ttf in Resources */,
				647690A51D62063300C2BECD /* Icon-Small-40@3x.png in Resources */,
				647690A21D62063300C2BECD /* Icon-Small-40@2x.png in Resources */,
				64922B6A1E817066003B3DA1 /* Chivo-Black.ttf in Resources */,
				647690A01D62063300C2BECD /* Icon-60@2x.png in Resources */,
				647690B01D6207F800C2BECD /* Icon-83,5@2x.png in Resources */,
				64887D141D89DC6E0061A489 /* Icon-20.png in Resources */,
				647690A11D62063300C2BECD /* Icon-Small-50.png in Resources */,
				6476909F1D62063300C2BECD /* Icon-76@2x.png in Resources */,
				64922B6D1E817066003B3DA1 /* Chivo-Regular.ttf in Resources */,
				6429328E1E1BF22700A8EE77 /* More.pdf in Resources */,
				64922B6C1E817066003B3DA1 /* Chivo-Italic.ttf in Resources */,
				647690AD1D62063300C2BECD /* Icon-60@3x.png in Resources */,
				64DAB0AA1D55EA0C0029BB8B /* LaunchScreen.storyboard in Resources */,
				647690A91D62063300C2BECD /* Icon-Small-50@2x.png in Resources */,
				647690AC1D62063300C2BECD /* Icon-72@2x.png in Resources */,
				64588DD01E806654008B0FB0 /* Share.pdf in Resources */,
				648F63E81E85AFA70089B1D7 /* CATEGORIES shape.pdf in Resources */,
				64DAB0A71D55EA0C0029BB8B /* Assets.xcassets in Resources */,
				647690A41D62063300C2BECD /* iTunesArtwork@2x.png in Resources */,
				64DAB0A51D55EA0C0029BB8B /* Main.storyboard in Resources */,
				6476909D1D62063300C2BECD /* Icon.png in Resources */,
				64922B721E81718A003B3DA1 /* BLINK shape.pdf in Resources */,
				647690A61D62063300C2BECD /* Icon-Small@2x.png in Resources */,
				6476909C1D62063300C2BECD /* Icon-72.png in Resources */,
				647690AB1D62063300C2BECD /* Icon@2x.png in Resources */,
				647690A31D62063300C2BECD /* Icon-Small-40.png in Resources */,
				647690A71D62063300C2BECD /* Icon-60.png in Resources */,
				647690AA1D62063300C2BECD /* Icon-Small@3x.png in Resources */,
				647690A81D62063300C2BECD /* Icon-76.png in Resources */,
			);
			runOnlyForDeploymentPostprocessing = 0;
		};
		64DAB0AE1D55EA0C0029BB8B /* Resources */ = {
			isa = PBXResourcesBuildPhase;
			buildActionMask = 2147483647;
			files = (
			);
			runOnlyForDeploymentPostprocessing = 0;
		};
		64DAB0B91D55EA0C0029BB8B /* Resources */ = {
			isa = PBXResourcesBuildPhase;
			buildActionMask = 2147483647;
			files = (
			);
			runOnlyForDeploymentPostprocessing = 0;
		};
/* End PBXResourcesBuildPhase section */

/* Begin PBXSourcesBuildPhase section */
		64DAB0981D55EA0C0029BB8B /* Sources */ = {
			isa = PBXSourcesBuildPhase;
			buildActionMask = 2147483647;
			files = (
				6448A5D11E4A69B40061A857 /* UIView+WebCacheOperation.m in Sources */,
				6448A5C61E4A69B40061A857 /* SDWebImageDownloader.m in Sources */,
				6448A5BF1E4A69B40061A857 /* MKAnnotationView+WebCache.m in Sources */,
				6448A5C91E4A69B40061A857 /* SDWebImagePrefetcher.m in Sources */,
				64DAB0D01D5601460029BB8B /* Timeline.swift in Sources */,
				64360DF81D589E4E0094AE6B /* PostNavigationController.swift in Sources */,
				6448A5CC1E4A69B40061A857 /* UIImage+MultiFormat.m in Sources */,
				6448A5CD1E4A69B40061A857 /* UIImage+WebP.m in Sources */,
				64DAB0A01D55EA0C0029BB8B /* AppDelegate.swift in Sources */,
				64D5251F1D8EE9EE000B2EA9 /* Post.swift in Sources */,
				649161401E4CEBDF00677CD4 /* AboutTableViewController.swift in Sources */,
				6448A5CF1E4A69B40061A857 /* UIImageView+WebCache.m in Sources */,
				6448A5D01E4A69B40061A857 /* UIView+WebCache.m in Sources */,
				6448A5C11E4A69B40061A857 /* NSImage+WebCache.m in Sources */,
				6448A5C01E4A69B40061A857 /* NSData+ImageContentType.m in Sources */,
				64F910C51D748DA800E3E4B2 /* myCoreDataModel.xcdatamodeld in Sources */,
				6448A5921E4A4E370061A857 /* PreviewViewController.swift in Sources */,
				643F44271D639384000A6775 /* SubscriptionsCollectionView.swift in Sources */,
				6448A5C21E4A69B40061A857 /* SDImageCache.m in Sources */,
				6448A5C31E4A69B40061A857 /* SDImageCacheConfig.m in Sources */,
				6448A5C81E4A69B40061A857 /* SDWebImageManager.m in Sources */,
				6448A5C51E4A69B40061A857 /* SDWebImageDecoder.m in Sources */,
				648F63EC1E85B3990089B1D7 /* SubscriptionsViewController.swift in Sources */,
				6448A5C71E4A69B40061A857 /* SDWebImageDownloaderOperation.m in Sources */,
				6448A5C41E4A69B40061A857 /* SDWebImageCompat.m in Sources */,
				6448A5CA1E4A69B40061A857 /* UIButton+WebCache.m in Sources */,
				6491613E1E4CE14200677CD4 /* SettingsPageViewController.swift in Sources */,
				6448A5CE1E4A69B40061A857 /* UIImageView+HighlightedWebCache.m in Sources */,
				6448A5CB1E4A69B40061A857 /* UIImage+GIF.m in Sources */,
				64D525211D8EEA73000B2EA9 /* Post+CoreDataProperties.swift in Sources */,
			);
			runOnlyForDeploymentPostprocessing = 0;
		};
		64DAB0AC1D55EA0C0029BB8B /* Sources */ = {
			isa = PBXSourcesBuildPhase;
			buildActionMask = 2147483647;
			files = (
				64DAB0B51D55EA0C0029BB8B /* BlinkTests.swift in Sources */,
			);
			runOnlyForDeploymentPostprocessing = 0;
		};
		64DAB0B71D55EA0C0029BB8B /* Sources */ = {
			isa = PBXSourcesBuildPhase;
			buildActionMask = 2147483647;
			files = (
				64DAB0C01D55EA0C0029BB8B /* BlinkUITests.swift in Sources */,
			);
			runOnlyForDeploymentPostprocessing = 0;
		};
/* End PBXSourcesBuildPhase section */

/* Begin PBXTargetDependency section */
		64DAB0B21D55EA0C0029BB8B /* PBXTargetDependency */ = {
			isa = PBXTargetDependency;
			target = 64DAB09B1D55EA0C0029BB8B /* Blink */;
			targetProxy = 64DAB0B11D55EA0C0029BB8B /* PBXContainerItemProxy */;
		};
		64DAB0BD1D55EA0C0029BB8B /* PBXTargetDependency */ = {
			isa = PBXTargetDependency;
			target = 64DAB09B1D55EA0C0029BB8B /* Blink */;
			targetProxy = 64DAB0BC1D55EA0C0029BB8B /* PBXContainerItemProxy */;
		};
/* End PBXTargetDependency section */

/* Begin PBXVariantGroup section */
		64DAB0A31D55EA0C0029BB8B /* Main.storyboard */ = {
			isa = PBXVariantGroup;
			children = (
				64DAB0A41D55EA0C0029BB8B /* Base */,
			);
			name = Main.storyboard;
			sourceTree = "<group>";
		};
		64DAB0A81D55EA0C0029BB8B /* LaunchScreen.storyboard */ = {
			isa = PBXVariantGroup;
			children = (
				64DAB0A91D55EA0C0029BB8B /* Base */,
			);
			name = LaunchScreen.storyboard;
			sourceTree = "<group>";
		};
/* End PBXVariantGroup section */

/* Begin XCBuildConfiguration section */
		64DAB0C21D55EA0C0029BB8B /* Debug */ = {
			isa = XCBuildConfiguration;
			buildSettings = {
				ALWAYS_SEARCH_USER_PATHS = NO;
				CLANG_ANALYZER_NONNULL = YES;
				CLANG_CXX_LANGUAGE_STANDARD = "gnu++0x";
				CLANG_CXX_LIBRARY = "libc++";
				CLANG_ENABLE_MODULES = YES;
				CLANG_ENABLE_OBJC_ARC = YES;
				CLANG_WARN_BOOL_CONVERSION = YES;
				CLANG_WARN_CONSTANT_CONVERSION = YES;
				CLANG_WARN_DIRECT_OBJC_ISA_USAGE = YES_ERROR;
				CLANG_WARN_EMPTY_BODY = YES;
				CLANG_WARN_ENUM_CONVERSION = YES;
				CLANG_WARN_INFINITE_RECURSION = YES;
				CLANG_WARN_INT_CONVERSION = YES;
				CLANG_WARN_OBJC_ROOT_CLASS = YES_ERROR;
				CLANG_WARN_SUSPICIOUS_MOVE = YES;
				CLANG_WARN_UNREACHABLE_CODE = YES;
				CLANG_WARN__DUPLICATE_METHOD_MATCH = YES;
				"CODE_SIGN_IDENTITY[sdk=iphoneos*]" = "iPhone Developer";
				COPY_PHASE_STRIP = NO;
				DEBUG_INFORMATION_FORMAT = dwarf;
				ENABLE_STRICT_OBJC_MSGSEND = YES;
				ENABLE_TESTABILITY = YES;
				GCC_C_LANGUAGE_STANDARD = gnu99;
				GCC_DYNAMIC_NO_PIC = NO;
				GCC_NO_COMMON_BLOCKS = YES;
				GCC_OPTIMIZATION_LEVEL = 0;
				GCC_PREPROCESSOR_DEFINITIONS = (
					"DEBUG=1",
					"$(inherited)",
				);
				GCC_WARN_64_TO_32_BIT_CONVERSION = YES;
				GCC_WARN_ABOUT_RETURN_TYPE = YES_ERROR;
				GCC_WARN_UNDECLARED_SELECTOR = YES;
				GCC_WARN_UNINITIALIZED_AUTOS = YES_AGGRESSIVE;
				GCC_WARN_UNUSED_FUNCTION = YES;
				GCC_WARN_UNUSED_VARIABLE = YES;
				IPHONEOS_DEPLOYMENT_TARGET = 10.0;
				MTL_ENABLE_DEBUG_INFO = YES;
				ONLY_ACTIVE_ARCH = YES;
				SDKROOT = iphoneos;
				SWIFT_OPTIMIZATION_LEVEL = "-Onone";
				TARGETED_DEVICE_FAMILY = "1,2";
			};
			name = Debug;
		};
		64DAB0C31D55EA0C0029BB8B /* Release */ = {
			isa = XCBuildConfiguration;
			buildSettings = {
				ALWAYS_SEARCH_USER_PATHS = NO;
				CLANG_ANALYZER_NONNULL = YES;
				CLANG_CXX_LANGUAGE_STANDARD = "gnu++0x";
				CLANG_CXX_LIBRARY = "libc++";
				CLANG_ENABLE_MODULES = YES;
				CLANG_ENABLE_OBJC_ARC = YES;
				CLANG_WARN_BOOL_CONVERSION = YES;
				CLANG_WARN_CONSTANT_CONVERSION = YES;
				CLANG_WARN_DIRECT_OBJC_ISA_USAGE = YES_ERROR;
				CLANG_WARN_EMPTY_BODY = YES;
				CLANG_WARN_ENUM_CONVERSION = YES;
				CLANG_WARN_INFINITE_RECURSION = YES;
				CLANG_WARN_INT_CONVERSION = YES;
				CLANG_WARN_OBJC_ROOT_CLASS = YES_ERROR;
				CLANG_WARN_SUSPICIOUS_MOVE = YES;
				CLANG_WARN_UNREACHABLE_CODE = YES;
				CLANG_WARN__DUPLICATE_METHOD_MATCH = YES;
				"CODE_SIGN_IDENTITY[sdk=iphoneos*]" = "iPhone Developer";
				COPY_PHASE_STRIP = NO;
				DEBUG_INFORMATION_FORMAT = "dwarf-with-dsym";
				ENABLE_NS_ASSERTIONS = NO;
				ENABLE_STRICT_OBJC_MSGSEND = YES;
				GCC_C_LANGUAGE_STANDARD = gnu99;
				GCC_NO_COMMON_BLOCKS = YES;
				GCC_WARN_64_TO_32_BIT_CONVERSION = YES;
				GCC_WARN_ABOUT_RETURN_TYPE = YES_ERROR;
				GCC_WARN_UNDECLARED_SELECTOR = YES;
				GCC_WARN_UNINITIALIZED_AUTOS = YES_AGGRESSIVE;
				GCC_WARN_UNUSED_FUNCTION = YES;
				GCC_WARN_UNUSED_VARIABLE = YES;
				IPHONEOS_DEPLOYMENT_TARGET = 10.0;
				MTL_ENABLE_DEBUG_INFO = NO;
				SDKROOT = iphoneos;
				SWIFT_OPTIMIZATION_LEVEL = "-Owholemodule";
				TARGETED_DEVICE_FAMILY = "1,2";
				VALIDATE_PRODUCT = YES;
			};
			name = Release;
		};
		64DAB0C51D55EA0C0029BB8B /* Debug */ = {
			isa = XCBuildConfiguration;
			buildSettings = {
				ASSETCATALOG_COMPILER_APPICON_NAME = AppIcon;
				CLANG_ENABLE_MODULES = YES;
				CODE_SIGN_IDENTITY = "iPhone Developer";
				DEVELOPMENT_TEAM = 5F26Q83G28;
				FRAMEWORK_SEARCH_PATHS = (
					"$(inherited)",
					"$(PROJECT_DIR)/Blink",
					"$(PROJECT_DIR)",
				);
				INFOPLIST_FILE = Blink/Info.plist;
				IPHONEOS_DEPLOYMENT_TARGET = 10.0;
				LD_RUNPATH_SEARCH_PATHS = "$(inherited) @executable_path/Frameworks";
				PRODUCT_BUNDLE_IDENTIFIER = si.conradi.BlinkApp;
				PRODUCT_NAME = "$(TARGET_NAME)";
				SWIFT_OBJC_BRIDGING_HEADER = "Blink/Blink-Bridging-Header.h";
				SWIFT_OPTIMIZATION_LEVEL = "-Onone";
				SWIFT_VERSION = 3.0;
				TARGETED_DEVICE_FAMILY = 1;
			};
			name = Debug;
		};
		64DAB0C61D55EA0C0029BB8B /* Release */ = {
			isa = XCBuildConfiguration;
			buildSettings = {
				ASSETCATALOG_COMPILER_APPICON_NAME = AppIcon;
				CLANG_ENABLE_MODULES = YES;
				CODE_SIGN_IDENTITY = "iPhone Developer";
				DEVELOPMENT_TEAM = 5F26Q83G28;
				FRAMEWORK_SEARCH_PATHS = (
					"$(inherited)",
					"$(PROJECT_DIR)/Blink",
					"$(PROJECT_DIR)",
				);
				INFOPLIST_FILE = Blink/Info.plist;
				IPHONEOS_DEPLOYMENT_TARGET = 10.0;
				LD_RUNPATH_SEARCH_PATHS = "$(inherited) @executable_path/Frameworks";
				PRODUCT_BUNDLE_IDENTIFIER = si.conradi.BlinkApp;
				PRODUCT_NAME = "$(TARGET_NAME)";
				SWIFT_OBJC_BRIDGING_HEADER = "Blink/Blink-Bridging-Header.h";
				SWIFT_VERSION = 3.0;
				TARGETED_DEVICE_FAMILY = 1;
			};
			name = Release;
		};
		64DAB0C81D55EA0C0029BB8B /* Debug */ = {
			isa = XCBuildConfiguration;
			buildSettings = {
				BUNDLE_LOADER = "$(TEST_HOST)";
				INFOPLIST_FILE = BlinkTests/Info.plist;
				LD_RUNPATH_SEARCH_PATHS = "$(inherited) @executable_path/Frameworks @loader_path/Frameworks";
				PRODUCT_BUNDLE_IDENTIFIER = si.conradi.BlinkTests;
				PRODUCT_NAME = "$(TARGET_NAME)";
				SWIFT_VERSION = 3.0;
				TEST_HOST = "$(BUILT_PRODUCTS_DIR)/Blink.app/Blink";
			};
			name = Debug;
		};
		64DAB0C91D55EA0C0029BB8B /* Release */ = {
			isa = XCBuildConfiguration;
			buildSettings = {
				BUNDLE_LOADER = "$(TEST_HOST)";
				INFOPLIST_FILE = BlinkTests/Info.plist;
				LD_RUNPATH_SEARCH_PATHS = "$(inherited) @executable_path/Frameworks @loader_path/Frameworks";
				PRODUCT_BUNDLE_IDENTIFIER = si.conradi.BlinkTests;
				PRODUCT_NAME = "$(TARGET_NAME)";
				SWIFT_VERSION = 3.0;
				TEST_HOST = "$(BUILT_PRODUCTS_DIR)/Blink.app/Blink";
			};
			name = Release;
		};
		64DAB0CB1D55EA0C0029BB8B /* Debug */ = {
			isa = XCBuildConfiguration;
			buildSettings = {
				INFOPLIST_FILE = BlinkUITests/Info.plist;
				LD_RUNPATH_SEARCH_PATHS = "$(inherited) @executable_path/Frameworks @loader_path/Frameworks";
				PRODUCT_BUNDLE_IDENTIFIER = si.conradi.BlinkUITests;
				PRODUCT_NAME = "$(TARGET_NAME)";
				SWIFT_VERSION = 3.0;
				TEST_TARGET_NAME = Blink;
			};
			name = Debug;
		};
		64DAB0CC1D55EA0C0029BB8B /* Release */ = {
			isa = XCBuildConfiguration;
			buildSettings = {
				INFOPLIST_FILE = BlinkUITests/Info.plist;
				LD_RUNPATH_SEARCH_PATHS = "$(inherited) @executable_path/Frameworks @loader_path/Frameworks";
				PRODUCT_BUNDLE_IDENTIFIER = si.conradi.BlinkUITests;
				PRODUCT_NAME = "$(TARGET_NAME)";
				SWIFT_VERSION = 3.0;
				TEST_TARGET_NAME = Blink;
			};
			name = Release;
		};
/* End XCBuildConfiguration section */

/* Begin XCConfigurationList section */
		64DAB0971D55EA0C0029BB8B /* Build configuration list for PBXProject "Blink" */ = {
			isa = XCConfigurationList;
			buildConfigurations = (
				64DAB0C21D55EA0C0029BB8B /* Debug */,
				64DAB0C31D55EA0C0029BB8B /* Release */,
			);
			defaultConfigurationIsVisible = 0;
			defaultConfigurationName = Release;
		};
		64DAB0C41D55EA0C0029BB8B /* Build configuration list for PBXNativeTarget "Blink" */ = {
			isa = XCConfigurationList;
			buildConfigurations = (
				64DAB0C51D55EA0C0029BB8B /* Debug */,
				64DAB0C61D55EA0C0029BB8B /* Release */,
			);
			defaultConfigurationIsVisible = 0;
			defaultConfigurationName = Release;
		};
		64DAB0C71D55EA0C0029BB8B /* Build configuration list for PBXNativeTarget "BlinkTests" */ = {
			isa = XCConfigurationList;
			buildConfigurations = (
				64DAB0C81D55EA0C0029BB8B /* Debug */,
				64DAB0C91D55EA0C0029BB8B /* Release */,
			);
			defaultConfigurationIsVisible = 0;
			defaultConfigurationName = Release;
		};
		64DAB0CA1D55EA0C0029BB8B /* Build configuration list for PBXNativeTarget "BlinkUITests" */ = {
			isa = XCConfigurationList;
			buildConfigurations = (
				64DAB0CB1D55EA0C0029BB8B /* Debug */,
				64DAB0CC1D55EA0C0029BB8B /* Release */,
			);
			defaultConfigurationIsVisible = 0;
			defaultConfigurationName = Release;
		};
/* End XCConfigurationList section */

/* Begin XCVersionGroup section */
		64F910C31D748DA800E3E4B2 /* myCoreDataModel.xcdatamodeld */ = {
			isa = XCVersionGroup;
			children = (
				64F910C41D748DA800E3E4B2 /* myCoreDataModel.xcdatamodel */,
			);
			currentVersion = 64F910C41D748DA800E3E4B2 /* myCoreDataModel.xcdatamodel */;
			path = myCoreDataModel.xcdatamodeld;
			sourceTree = "<group>";
			versionGroupType = wrapper.xcdatamodel;
		};
/* End XCVersionGroup section */
	};
	rootObject = 64DAB0941D55EA0C0029BB8B /* Project object */;
}
